
Microsoft Visual Studio Solution File, Format Version 12.00
# Visual Studio 15
VisualStudioVersion = 15.0.28307.438
MinimumVisualStudioVersion = 10.0.40219.1
Project("{9A19103F-16F7-4668-BE54-9A1E7A4F7556}") = "PaymentGateway", "PaymentGateway\PaymentGateway.csproj", "{8F987952-E8DA-4795-92D3-D5E1A30545E9}"
EndProject
Project("{9A19103F-16F7-4668-BE54-9A1E7A4F7556}") = "BankService", "BankService\BankService.csproj", "{ACD6B353-07AF-4F8D-8977-002C88101D70}"
EndProject
Project("{9A19103F-16F7-4668-BE54-9A1E7A4F7556}") = "WebClient", "WebClient\WebClient.csproj", "{B59F28BF-9E3B-4877-9CA3-474720EA5E7B}"
EndProject
Global
	GlobalSection(SolutionConfigurationPlatforms) = preSolution
		Debug|Any CPU = Debug|Any CPU
		Release|Any CPU = Release|Any CPU
	EndGlobalSection
	GlobalSection(ProjectConfigurationPlatforms) = postSolution
		{8F987952-E8DA-4795-92D3-D5E1A30545E9}.Debug|Any CPU.ActiveCfg = Debug|Any CPU
		{8F987952-E8DA-4795-92D3-D5E1A30545E9}.Debug|Any CPU.Build.0 = Debug|Any CPU
		{8F987952-E8DA-4795-92D3-D5E1A30545E9}.Release|Any CPU.ActiveCfg = Release|Any CPU
		{8F987952-E8DA-4795-92D3-D5E1A30545E9}.Release|Any CPU.Build.0 = Release|Any CPU
		{ACD6B353-07AF-4F8D-8977-002C88101D70}.Debug|Any CPU.ActiveCfg = Debug|Any CPU
		{ACD6B353-07AF-4F8D-8977-002C88101D70}.Debug|Any CPU.Build.0 = Debug|Any CPU
		{ACD6B353-07AF-4F8D-8977-002C88101D70}.Release|Any CPU.ActiveCfg = Release|Any CPU
		{ACD6B353-07AF-4F8D-8977-002C88101D70}.Release|Any CPU.Build.0 = Release|Any CPU
		{B59F28BF-9E3B-4877-9CA3-474720EA5E7B}.Debug|Any CPU.ActiveCfg = Debug|Any CPU
		{B59F28BF-9E3B-4877-9CA3-474720EA5E7B}.Debug|Any CPU.Build.0 = Debug|Any CPU
		{B59F28BF-9E3B-4877-9CA3-474720EA5E7B}.Release|Any CPU.ActiveCfg = Release|Any CPU
		{B59F28BF-9E3B-4877-9CA3-474720EA5E7B}.Release|Any CPU.Build.0 = Release|Any CPU
	EndGlobalSection
	GlobalSection(SolutionProperties) = preSolution
		HideSolutionNode = FALSE
	EndGlobalSection
	GlobalSection(ExtensibilityGlobals) = postSolution
		SolutionGuid = {C65000C4-7666-45EF-928E-1FE382BAF9CB}
	EndGlobalSection
EndGlobal
